{
  "version": 1,
  "dependencies": {
    "UAP,Version=v10.0.17763": {
      "LottieGen.MsBuild": {
        "type": "Direct",
        "requested": "[7.0.5, )",
        "resolved": "7.0.5",
        "contentHash": "NEJ/OEiFpXXOzSZ8pZb6YjWJPPGaywU8wShlPbZroHUjNHHZP+Uqp01NSxOgfWdV8NXUAZfjeDLu/Ybp5sCEiw=="
      },
      "Microsoft.JavaScript.Hermes": {
        "type": "Direct",
        "requested": "[0.1.18, )",
        "resolved": "0.1.18",
        "contentHash": "5K8rRihGwIs2XNOTP2Jsw3T6cegxCBQXcpPS4optONU/AmFElGAfnA6XBQJ4UqlCFCl9Nf9zQrgvCUPBWYHiag=="
      },
      "Microsoft.NETCore.UniversalWindowsPlatform": {
        "type": "Direct",
        "requested": "[6.2.9, )",
        "resolved": "6.2.9",
        "contentHash": "QcNHcEvhO0bMhF1LW7Ebn1f6wrzvbkloRsZSrAZsGbAAqdhmfuZcD3VVeVCL8VWsBXRlhdb3+0Y7HLxvnMTpZA==",
        "dependencies": {
          "Microsoft.NETCore.Platforms": "2.1.0",
          "Microsoft.Net.Native.Compiler": "2.2.7-rel-27913-00",
          "Microsoft.Net.UWPCoreRuntimeSdk": "2.2.9",
          "NETStandard.Library": "2.0.3"
        }
      },
      "Microsoft.ReactNative": {
        "type": "Direct",
        "requested": "[0.72.32, )",
        "resolved": "0.72.32",
        "contentHash": "m2EmuJw0e3PsIAh5mRjS3GrvI8/2WHqxvtRIyTSX4btFaX4JUfssperewBU3cRNix92snKE+RF0fbDQ4YrFmVw=="
      },
      "Microsoft.ReactNative.Managed": {
        "type": "Direct",
        "requested": "[0.72.32, )",
        "resolved": "0.72.32",
        "contentHash": "FJWdZS8XyRdii4/So9uz6Myu2cjamSvA09IJ/IdlQE+82Qo3ETVU73Ivqx5vBTOoU0xN3CExRKaTlTxBtGsghw==",
        "dependencies": {
          "Microsoft.NETCore.UniversalWindowsPlatform": "6.2.9",
          "Microsoft.ReactNative": "0.72.32",
          "Microsoft.ReactNative.Managed.CodeGen": "0.72.32",
          "Microsoft.UI.Xaml": "2.8.0"
        }
      },
      "Microsoft.Toolkit.Uwp.UI.Lottie": {
        "type": "Direct",
        "requested": "[7.0.5, )",
        "resolved": "7.0.5",
        "contentHash": "7/tpckWEYFykRTMdb84USloLZuGYul6L2+8n9n3Vqf0II/VW+9ECQeKgM6fM2CEuYKjq9h/pl6rOa5f6jQE3eA==",
        "dependencies": {
          "Microsoft.UI.Xaml": "2.5.0",
          "System.Memory": "4.5.4",
          "System.Numerics.Vectors": "4.5.0",
          "System.Runtime.CompilerServices.Unsafe": "5.0.0",
          "System.Text.Encodings.Web": "5.0.1",
          "System.Text.Json": "5.0.1",
          "System.ValueTuple": "4.5.0",
          "Win2D.uwp": "1.25.0"
        }
      },
      "Microsoft.UI.Xaml": {
        "type": "Direct",
        "requested": "[2.8.0, )",
        "resolved": "2.8.0",
        "contentHash": "vxdHxTr63s5KVtNddMFpgvjBjUH50z7seq/5jLWmmSuf8poxg+sXrywkofUdE8ZstbpO9y3FL/IXXUcPYbeesA==",
        "dependencies": {
          "Microsoft.Web.WebView2": "1.0.1264.42"
        }
      },
      "Win2D.uwp": {
        "type": "Direct",
        "requested": "[1.26.0, )",
        "resolved": "1.26.0",
        "contentHash": "smA/NJWM3ruhWeKPHmCyW8PX8w1ckD9SN7qWEOePe/iuFKvLyC8govCHq/F40hQCRs8zBqHWaWBpekTnQuXx6w=="
      },
      "Microsoft.Bcl.AsyncInterfaces": {
        "type": "Transitive",
        "resolved": "5.0.0",
        "contentHash": "W8DPQjkMScOMTtJbPwmPyj9c3zYSFGawDW3jwlBOOsnY+EzZFLgNQ/UMkK35JmkNOVPdCyPr2Tw7Vv9N+KA3ZQ==",
        "dependencies": {
          "System.Threading.Tasks.Extensions": "4.5.4"
        }
      },
      "Microsoft.Net.Native.Compiler": {
        "type": "Transitive",
        "resolved": "2.2.7-rel-27913-00",
        "contentHash": "EtGDVRBaNWEqQDJTfkeHOLiiKUOzlr4UVK2KciIt3zYOZeLEnhsshTR6D+1ADetJRKluYR7s0HruAtw1kbc0Xg==",
        "dependencies": {
          "runtime.win10-arm.Microsoft.Net.Native.Compiler": "2.2.7-rel-27913-00",
          "runtime.win10-arm64.Microsoft.Net.Native.Compiler": "2.2.7-rel-27913-00",
          "runtime.win10-x64.Microsoft.Net.Native.Compiler": "2.2.7-rel-27913-00",
          "runtime.win10-x86.Microsoft.Net.Native.Compiler": "2.2.7-rel-27913-00"
        }
      },
      "Microsoft.Net.UWPCoreRuntimeSdk": {
        "type": "Transitive",
        "resolved": "2.2.9",
        "contentHash": "4N6mDdolISwxqM9yT0qptgCoxq+C4Z8CdQD/dpp0bb5egIda5LZ36Pg3nGKmBtU28PVYEljGsUCjRcWYBBXh2Q==",
        "dependencies": {
          "runtime.win10-arm.Microsoft.Net.UWPCoreRuntimeSdk": "2.2.9",
          "runtime.win10-x64.Microsoft.Net.UWPCoreRuntimeSdk": "2.2.9",
          "runtime.win10-x86.Microsoft.Net.UWPCoreRuntimeSdk": "2.2.9"
        }
      },
      "Microsoft.NETCore.Platforms": {
        "type": "Transitive",
        "resolved": "2.1.0",
        "contentHash": "GmkKfoyerqmsHMn7OZj0AKpcBabD+GaafqphvX2Mw406IwiJRy1pKcKqdCfKJfYmkRyJ6+e+RaUylgdJoDa1jQ=="
      },
      "Microsoft.ReactNative.Managed.CodeGen": {
        "type": "Transitive",
        "resolved": "0.72.32",
        "contentHash": "y+RYqTnv/Iwz9Ko4rPZJDoFBHIN8eGwrhuC4xyj7cYfVvDxp0mDkfmIdMhQJtoxWQNU+bv+Tp8WG4kgRuJamOQ=="
      },
      "Microsoft.Web.WebView2": {
        "type": "Transitive",
        "resolved": "1.0.1264.42",
        "contentHash": "7OBUTkzQ5VI/3gb0ufi5U4zjuCowAJwQg2li0zXXzqkM+S1kmOlivTy1R4jAW+gY5Vyg510M+qMAESCQUjrfgA=="
      },
      "NETStandard.Library": {
        "type": "Transitive",
        "resolved": "2.0.3",
        "contentHash": "548M6mnBSJWxsIlkQHfbzoYxpiYFXZZSL00p4GHYv8PkiqFBnnT68mW5mGEsA/ch9fDO9GkPgkFQpWiXZN7mAQ==",
        "dependencies": {
          "Microsoft.NETCore.Platforms": "1.1.0"
        }
      },
      "runtime.win10-arm.Microsoft.Net.Native.Compiler": {
        "type": "Transitive",
        "resolved": "2.2.7-rel-27913-00",
        "contentHash": "7MmoGge/BtJAHCnnV1LqjT2Yvnxlsm/8+4C2ASK819zq+pGSloeNwJtVxyM3okA9T4/1jKr+JpQsfis4F/KSKg==",
        "dependencies": {
          "runtime.win10-arm.Microsoft.Net.Native.SharedLibrary": "2.2.7-rel-27913-00"
        }
      },
      "runtime.win10-arm.Microsoft.Net.Native.SharedLibrary": {
        "type": "Transitive",
        "resolved": "2.2.7-rel-27913-00",
        "contentHash": "ifk8FQ8srunhdyo0QQe8H+36as9/wiQKXq1aXJ+6YeGyx0UjrTSyNx/zq6eThJfjRz9VyoomR+LZVhuXK+QKYw=="
      },
      "runtime.win10-arm.Microsoft.Net.UWPCoreRuntimeSdk": {
        "type": "Transitive",
        "resolved": "2.2.9",
        "contentHash": "viBS+DhSzl2JZYC/88uhlWi4DutSIFy32ocoRsdi5RsPLG50XTqq6w0traHQuuqLLJ4gwswlNXO9AD4J0+zvIQ=="
      },
      "runtime.win10-arm64.Microsoft.Net.Native.Compiler": {
        "type": "Transitive",
        "resolved": "2.2.7-rel-27913-00",
        "contentHash": "5Pt/M1mMmvYQUGWEn33V9SnZtTDUeLvfKPsd71GwedZOh7MDSRuLZqSPG7P3ElOforh4nXlG6x8lcaE9Kauebg==",
        "dependencies": {
          "runtime.win10-arm64.Microsoft.Net.Native.SharedLibrary": "2.2.7-rel-27913-00"
        }
      },
      "runtime.win10-arm64.Microsoft.Net.Native.SharedLibrary": {
        "type": "Transitive",
        "resolved": "2.2.7-rel-27913-00",
        "contentHash": "Bl0tXHiEko11FYLmumjPRQQl/w3wlGEXvYDpdvWSuC9Ty4YCGNHOUXzPaTMP2dv2GikTv8RYy4m1m5lbUNDa3g=="
      },
      "runtime.win10-x64.Microsoft.Net.Native.Compiler": {
        "type": "Transitive",
        "resolved": "2.2.7-rel-27913-00",
        "contentHash": "aF94Kjb29+SkvySs07Ztq0cVZObv4Totcek8vCL+Xn1D6GN34PrKR2P+A17yAEbey3q4K3U8XZDybsJwoSbWFA==",
        "dependencies": {
          "runtime.win10-x64.Microsoft.Net.Native.SharedLibrary": "2.2.7-rel-27913-00"
        }
      },
      "runtime.win10-x64.Microsoft.Net.Native.SharedLibrary": {
        "type": "Transitive",
        "resolved": "2.2.7-rel-27913-00",
        "contentHash": "Hr1dSHwWQ78yFMqZuh3J0brY886r4pPBblIy6JcgAFZUFM4FaDr9T1KPSYavlPBtHMPBzrHUfsQ3Bh3STzhMLA=="
      },
      "runtime.win10-x64.Microsoft.Net.UWPCoreRuntimeSdk": {
        "type": "Transitive",
        "resolved": "2.2.9",
        "contentHash": "QNZQ79gG3rIpaIoYbnIQCsh8Be8CzwnqDZCUZ/UGr+CfUrypGUthAxJzwitATopzonqCqPxgEnsV0ZiH8XGn8w=="
      },
      "runtime.win10-x86.Microsoft.Net.Native.Compiler": {
        "type": "Transitive",
        "resolved": "2.2.7-rel-27913-00",
        "contentHash": "jxyZhYtJS9AmOvsNghtxeN6RYxHN73LnzBX3ir0cBQ5LlsNUsf6GgiJvZoeYPJLt/9fsPONhBciHpwLXWFkJkw==",
        "dependencies": {
          "runtime.win10-x86.Microsoft.Net.Native.SharedLibrary": "2.2.7-rel-27913-00"
        }
      },
      "runtime.win10-x86.Microsoft.Net.Native.SharedLibrary": {
        "type": "Transitive",
        "resolved": "2.2.7-rel-27913-00",
        "contentHash": "LL5bMKQkVUlY5rbupMC+MJ4tCOz3hb4HVKGTmyb18Jwziv5h9QbJgRVPjiAZf9W2YroZaG+VYr1iI1Ig2bco2w=="
      },
      "runtime.win10-x86.Microsoft.Net.UWPCoreRuntimeSdk": {
        "type": "Transitive",
        "resolved": "2.2.9",
        "contentHash": "qF6RRZKaflI+LR1YODNyWYjq5YoX8IJ2wx5y8O+AW2xO+1t/Q6Mm+jQ38zJbWnmXbrcOqUYofn7Y3/KC6lTLBQ=="
      },
      "System.Memory": {
        "type": "Transitive",
        "resolved": "4.5.4",
        "contentHash": "1MbJTHS1lZ4bS4FmsJjnuGJOu88ZzTT2rLvrhW7Ygic+pC0NWA+3hgAen0HRdsocuQXCkUTdFn9yHJJhsijDXw==",
        "dependencies": {
          "System.Runtime.CompilerServices.Unsafe": "4.5.3"
        }
      },
      "System.Numerics.Vectors": {
        "type": "Transitive",
        "resolved": "4.5.0",
        "contentHash": "QQTlPTl06J/iiDbJCiepZ4H//BVraReU4O4EoRw1U02H5TLUIT7xn3GnDp9AXPSlJUDyFs4uWjWafNX6WrAojQ=="
      },
      "System.Runtime.CompilerServices.Unsafe": {
        "type": "Transitive",
        "resolved": "5.0.0",
        "contentHash": "ZD9TMpsmYJLrxbbmdvhwt9YEgG5WntEnZ/d1eH8JBX9LBp+Ju8BSBhUGbZMNVHHomWo2KVImJhTDl2hIgw/6MA=="
      },
      "System.Text.Encodings.Web": {
        "type": "Transitive",
        "resolved": "5.0.1",
        "contentHash": "KmJ+CJXizDofbq6mpqDoRRLcxgOd2z9X3XoFNULSbvbqVRZkFX3istvr+MUjL6Zw1RT+RNdoI4GYidIINtgvqQ==",
        "dependencies": {
          "System.Memory": "4.5.4"
        }
      },
      "System.Text.Json": {
        "type": "Transitive",
        "resolved": "5.0.1",
        "contentHash": "/UM3UK1dXKl8Ybysg/21gM4S8DJgkR+yLU8JwqCVbuNqQNImelntgYFAN5QxR8sJJ1kMx//hOUdf0lltosi8cQ==",
        "dependencies": {
          "Microsoft.Bcl.AsyncInterfaces": "5.0.0",
          "System.Memory": "4.5.4",
          "System.Runtime.CompilerServices.Unsafe": "5.0.0",
          "System.Text.Encodings.Web": "5.0.0",
          "System.Threading.Tasks.Extensions": "4.5.4"
        }
      },
      "System.Threading.Tasks.Extensions": {
        "type": "Transitive",
        "resolved": "4.5.4",
        "contentHash": "zteT+G8xuGu6mS+mzDzYXbzS7rd3K6Fjb9RiZlYlJPam2/hU7JCBZBVEcywNuR+oZ1ncTvc/cq0faRr3P01OVg==",
        "dependencies": {
          "System.Runtime.CompilerServices.Unsafe": "4.5.3"
        }
      },
      "System.ValueTuple": {
        "type": "Transitive",
        "resolved": "4.5.0",
        "contentHash": "okurQJO6NRE/apDIP23ajJ0hpiNmJ+f0BwOlB/cSqTLQlw5upkf+5+96+iG2Jw40G1fCVCyPz/FhIABUjMR+RQ=="
      },
      "lottiereactnative": {
        "type": "Project"
      }
    },
    "UAP,Version=v10.0.17763/win10-arm": {
      "Microsoft.NETCore.UniversalWindowsPlatform": {
        "type": "Direct",
        "requested": "[6.2.9, )",
        "resolved": "6.2.9",
        "contentHash": "QcNHcEvhO0bMhF1LW7Ebn1f6wrzvbkloRsZSrAZsGbAAqdhmfuZcD3VVeVCL8VWsBXRlhdb3+0Y7HLxvnMTpZA==",
        "dependencies": {
          "Microsoft.NETCore.Platforms": "2.1.0",
          "Microsoft.Net.Native.Compiler": "2.2.7-rel-27913-00",
          "Microsoft.Net.UWPCoreRuntimeSdk": "2.2.9",
          "NETStandard.Library": "2.0.3",
          "runtime.win10-arm.Microsoft.NETCore.UniversalWindowsPlatform": "6.2.9"
        }
      },
      "Microsoft.ReactNative": {
        "type": "Direct",
        "requested": "[0.72.32, )",
        "resolved": "0.72.32",
        "contentHash": "m2EmuJw0e3PsIAh5mRjS3GrvI8/2WHqxvtRIyTSX4btFaX4JUfssperewBU3cRNix92snKE+RF0fbDQ4YrFmVw=="
      },
      "Microsoft.ReactNative.Managed": {
        "type": "Direct",
        "requested": "[0.72.32, )",
        "resolved": "0.72.32",
        "contentHash": "FJWdZS8XyRdii4/So9uz6Myu2cjamSvA09IJ/IdlQE+82Qo3ETVU73Ivqx5vBTOoU0xN3CExRKaTlTxBtGsghw==",
        "dependencies": {
          "Microsoft.NETCore.UniversalWindowsPlatform": "6.2.9",
          "Microsoft.ReactNative": "0.72.32",
          "Microsoft.ReactNative.Managed.CodeGen": "0.72.32",
          "Microsoft.UI.Xaml": "2.8.0"
        }
      },
      "Win2D.uwp": {
        "type": "Direct",
        "requested": "[1.26.0, )",
        "resolved": "1.26.0",
        "contentHash": "smA/NJWM3ruhWeKPHmCyW8PX8w1ckD9SN7qWEOePe/iuFKvLyC8govCHq/F40hQCRs8zBqHWaWBpekTnQuXx6w=="
      },
      "Microsoft.Web.WebView2": {
        "type": "Transitive",
        "resolved": "1.0.1264.42",
        "contentHash": "7OBUTkzQ5VI/3gb0ufi5U4zjuCowAJwQg2li0zXXzqkM+S1kmOlivTy1R4jAW+gY5Vyg510M+qMAESCQUjrfgA=="
      },
      "runtime.win10-arm.Microsoft.NETCore.UniversalWindowsPlatform": {
        "type": "Transitive",
        "resolved": "6.2.9",
        "contentHash": "/q9U+SqJTVrocU7CHFd1D4ac2jqPc4U8kPy8F147Li3XGf0Ce9v6UKJqf7nskR+XgVi3IVfUJUcjWLVskG5ZKw=="
      }
    },
    "UAP,Version=v10.0.17763/win10-arm-aot": {
      "Microsoft.NETCore.UniversalWindowsPlatform": {
        "type": "Direct",
        "requested": "[6.2.9, )",
        "resolved": "6.2.9",
        "contentHash": "QcNHcEvhO0bMhF1LW7Ebn1f6wrzvbkloRsZSrAZsGbAAqdhmfuZcD3VVeVCL8VWsBXRlhdb3+0Y7HLxvnMTpZA==",
        "dependencies": {
          "Microsoft.NETCore.Platforms": "2.1.0",
          "Microsoft.Net.Native.Compiler": "2.2.7-rel-27913-00",
          "Microsoft.Net.UWPCoreRuntimeSdk": "2.2.9",
          "NETStandard.Library": "2.0.3",
          "runtime.win10-arm-aot.Microsoft.NETCore.UniversalWindowsPlatform": "6.2.9"
        }
      },
      "Microsoft.ReactNative": {
        "type": "Direct",
        "requested": "[0.72.32, )",
        "resolved": "0.72.32",
        "contentHash": "m2EmuJw0e3PsIAh5mRjS3GrvI8/2WHqxvtRIyTSX4btFaX4JUfssperewBU3cRNix92snKE+RF0fbDQ4YrFmVw=="
      },
      "Microsoft.ReactNative.Managed": {
        "type": "Direct",
        "requested": "[0.72.32, )",
        "resolved": "0.72.32",
        "contentHash": "FJWdZS8XyRdii4/So9uz6Myu2cjamSvA09IJ/IdlQE+82Qo3ETVU73Ivqx5vBTOoU0xN3CExRKaTlTxBtGsghw==",
        "dependencies": {
          "Microsoft.NETCore.UniversalWindowsPlatform": "6.2.9",
          "Microsoft.ReactNative": "0.72.32",
          "Microsoft.ReactNative.Managed.CodeGen": "0.72.32",
          "Microsoft.UI.Xaml": "2.8.0"
        }
      },
      "Win2D.uwp": {
        "type": "Direct",
        "requested": "[1.26.0, )",
        "resolved": "1.26.0",
        "contentHash": "smA/NJWM3ruhWeKPHmCyW8PX8w1ckD9SN7qWEOePe/iuFKvLyC8govCHq/F40hQCRs8zBqHWaWBpekTnQuXx6w=="
      },
      "Microsoft.Web.WebView2": {
        "type": "Transitive",
        "resolved": "1.0.1264.42",
        "contentHash": "7OBUTkzQ5VI/3gb0ufi5U4zjuCowAJwQg2li0zXXzqkM+S1kmOlivTy1R4jAW+gY5Vyg510M+qMAESCQUjrfgA=="
      },
      "runtime.win10-arm-aot.Microsoft.NETCore.UniversalWindowsPlatform": {
        "type": "Transitive",
        "resolved": "6.2.9",
        "contentHash": "tN7AmnRPUuu29nh9ulL/UGMdzayAe/AQNhM7+fQNKuT4jUlxc61Ilf2djKNJ5MvK8wY69KH0Iz9Yy5+95rB+DQ=="
      }
    },
    "UAP,Version=v10.0.17763/win10-arm64-aot": {
      "Microsoft.NETCore.UniversalWindowsPlatform": {
        "type": "Direct",
        "requested": "[6.2.9, )",
        "resolved": "6.2.9",
        "contentHash": "QcNHcEvhO0bMhF1LW7Ebn1f6wrzvbkloRsZSrAZsGbAAqdhmfuZcD3VVeVCL8VWsBXRlhdb3+0Y7HLxvnMTpZA==",
        "dependencies": {
          "Microsoft.NETCore.Platforms": "2.1.0",
          "Microsoft.Net.Native.Compiler": "2.2.7-rel-27913-00",
          "Microsoft.Net.UWPCoreRuntimeSdk": "2.2.9",
          "NETStandard.Library": "2.0.3",
          "runtime.win10-arm64-aot.Microsoft.NETCore.UniversalWindowsPlatform": "6.2.9"
        }
      },
      "Microsoft.ReactNative": {
        "type": "Direct",
        "requested": "[0.72.32, )",
        "resolved": "0.72.32",
        "contentHash": "m2EmuJw0e3PsIAh5mRjS3GrvI8/2WHqxvtRIyTSX4btFaX4JUfssperewBU3cRNix92snKE+RF0fbDQ4YrFmVw=="
      },
      "Microsoft.ReactNative.Managed": {
        "type": "Direct",
        "requested": "[0.72.32, )",
        "resolved": "0.72.32",
        "contentHash": "FJWdZS8XyRdii4/So9uz6Myu2cjamSvA09IJ/IdlQE+82Qo3ETVU73Ivqx5vBTOoU0xN3CExRKaTlTxBtGsghw==",
        "dependencies": {
          "Microsoft.NETCore.UniversalWindowsPlatform": "6.2.9",
          "Microsoft.ReactNative": "0.72.32",
          "Microsoft.ReactNative.Managed.CodeGen": "0.72.32",
          "Microsoft.UI.Xaml": "2.8.0"
        }
      },
      "Win2D.uwp": {
        "type": "Direct",
        "requested": "[1.26.0, )",
        "resolved": "1.26.0",
        "contentHash": "smA/NJWM3ruhWeKPHmCyW8PX8w1ckD9SN7qWEOePe/iuFKvLyC8govCHq/F40hQCRs8zBqHWaWBpekTnQuXx6w=="
      },
      "Microsoft.Web.WebView2": {
        "type": "Transitive",
        "resolved": "1.0.1264.42",
        "contentHash": "7OBUTkzQ5VI/3gb0ufi5U4zjuCowAJwQg2li0zXXzqkM+S1kmOlivTy1R4jAW+gY5Vyg510M+qMAESCQUjrfgA=="
      },
      "runtime.win10-arm64-aot.Microsoft.NETCore.UniversalWindowsPlatform": {
        "type": "Transitive",
        "resolved": "6.2.9",
        "contentHash": "gupfeyxXmaOyqLps1gGLh4Lzh5Wee6iuKpgZ70l2nmoHtzqCdk9aK4i+03259M6X2r7BXoIjJJml0paXBQY1kw=="
      }
    },
    "UAP,Version=v10.0.17763/win10-x64": {
      "Microsoft.NETCore.UniversalWindowsPlatform": {
        "type": "Direct",
        "requested": "[6.2.9, )",
        "resolved": "6.2.9",
        "contentHash": "QcNHcEvhO0bMhF1LW7Ebn1f6wrzvbkloRsZSrAZsGbAAqdhmfuZcD3VVeVCL8VWsBXRlhdb3+0Y7HLxvnMTpZA==",
        "dependencies": {
          "Microsoft.NETCore.Platforms": "2.1.0",
          "Microsoft.Net.Native.Compiler": "2.2.7-rel-27913-00",
          "Microsoft.Net.UWPCoreRuntimeSdk": "2.2.9",
          "NETStandard.Library": "2.0.3",
          "runtime.win10-x64.Microsoft.NETCore.UniversalWindowsPlatform": "6.2.9"
        }
      },
      "Microsoft.ReactNative": {
        "type": "Direct",
        "requested": "[0.72.32, )",
        "resolved": "0.72.32",
        "contentHash": "m2EmuJw0e3PsIAh5mRjS3GrvI8/2WHqxvtRIyTSX4btFaX4JUfssperewBU3cRNix92snKE+RF0fbDQ4YrFmVw=="
      },
      "Microsoft.ReactNative.Managed": {
        "type": "Direct",
        "requested": "[0.72.32, )",
        "resolved": "0.72.32",
        "contentHash": "FJWdZS8XyRdii4/So9uz6Myu2cjamSvA09IJ/IdlQE+82Qo3ETVU73Ivqx5vBTOoU0xN3CExRKaTlTxBtGsghw==",
        "dependencies": {
          "Microsoft.NETCore.UniversalWindowsPlatform": "6.2.9",
          "Microsoft.ReactNative": "0.72.32",
          "Microsoft.ReactNative.Managed.CodeGen": "0.72.32",
          "Microsoft.UI.Xaml": "2.8.0"
        }
      },
      "Win2D.uwp": {
        "type": "Direct",
        "requested": "[1.26.0, )",
        "resolved": "1.26.0",
        "contentHash": "smA/NJWM3ruhWeKPHmCyW8PX8w1ckD9SN7qWEOePe/iuFKvLyC8govCHq/F40hQCRs8zBqHWaWBpekTnQuXx6w=="
      },
      "Microsoft.Web.WebView2": {
        "type": "Transitive",
        "resolved": "1.0.1264.42",
        "contentHash": "7OBUTkzQ5VI/3gb0ufi5U4zjuCowAJwQg2li0zXXzqkM+S1kmOlivTy1R4jAW+gY5Vyg510M+qMAESCQUjrfgA=="
      },
      "runtime.win10-x64.Microsoft.NETCore.UniversalWindowsPlatform": {
        "type": "Transitive",
        "resolved": "6.2.9",
        "contentHash": "JjnUToWq2LQfNKtiqld4YYkgUcC3tCQ0RvRKiut0B7AgS+Eo/HnI/viFiH4FoNG7pFvcWoKimLctj06IgJoiyA=="
      }
    },
    "UAP,Version=v10.0.17763/win10-x64-aot": {
      "Microsoft.NETCore.UniversalWindowsPlatform": {
        "type": "Direct",
        "requested": "[6.2.9, )",
        "resolved": "6.2.9",
        "contentHash": "QcNHcEvhO0bMhF1LW7Ebn1f6wrzvbkloRsZSrAZsGbAAqdhmfuZcD3VVeVCL8VWsBXRlhdb3+0Y7HLxvnMTpZA==",
        "dependencies": {
          "Microsoft.NETCore.Platforms": "2.1.0",
          "Microsoft.Net.Native.Compiler": "2.2.7-rel-27913-00",
          "Microsoft.Net.UWPCoreRuntimeSdk": "2.2.9",
          "NETStandard.Library": "2.0.3",
          "runtime.win10-x64-aot.Microsoft.NETCore.UniversalWindowsPlatform": "6.2.9"
        }
      },
      "Microsoft.ReactNative": {
        "type": "Direct",
        "requested": "[0.72.32, )",
        "resolved": "0.72.32",
        "contentHash": "m2EmuJw0e3PsIAh5mRjS3GrvI8/2WHqxvtRIyTSX4btFaX4JUfssperewBU3cRNix92snKE+RF0fbDQ4YrFmVw=="
      },
      "Microsoft.ReactNative.Managed": {
        "type": "Direct",
        "requested": "[0.72.32, )",
        "resolved": "0.72.32",
        "contentHash": "FJWdZS8XyRdii4/So9uz6Myu2cjamSvA09IJ/IdlQE+82Qo3ETVU73Ivqx5vBTOoU0xN3CExRKaTlTxBtGsghw==",
        "dependencies": {
          "Microsoft.NETCore.UniversalWindowsPlatform": "6.2.9",
          "Microsoft.ReactNative": "0.72.32",
          "Microsoft.ReactNative.Managed.CodeGen": "0.72.32",
          "Microsoft.UI.Xaml": "2.8.0"
        }
      },
      "Win2D.uwp": {
        "type": "Direct",
        "requested": "[1.26.0, )",
        "resolved": "1.26.0",
        "contentHash": "smA/NJWM3ruhWeKPHmCyW8PX8w1ckD9SN7qWEOePe/iuFKvLyC8govCHq/F40hQCRs8zBqHWaWBpekTnQuXx6w=="
      },
      "Microsoft.Web.WebView2": {
        "type": "Transitive",
        "resolved": "1.0.1264.42",
        "contentHash": "7OBUTkzQ5VI/3gb0ufi5U4zjuCowAJwQg2li0zXXzqkM+S1kmOlivTy1R4jAW+gY5Vyg510M+qMAESCQUjrfgA=="
      },
      "runtime.win10-x64-aot.Microsoft.NETCore.UniversalWindowsPlatform": {
        "type": "Transitive",
        "resolved": "6.2.9",
        "contentHash": "XTmgQZIB3JbzwVE0h+GN//VniFM4MmSWjxjtK7g5zypTwtpuj68oulxWqN5R3F19GaUzT+EFdfKXKEWI73/qwQ=="
      }
    },
    "UAP,Version=v10.0.17763/win10-x86": {
      "Microsoft.NETCore.UniversalWindowsPlatform": {
        "type": "Direct",
        "requested": "[6.2.9, )",
        "resolved": "6.2.9",
        "contentHash": "QcNHcEvhO0bMhF1LW7Ebn1f6wrzvbkloRsZSrAZsGbAAqdhmfuZcD3VVeVCL8VWsBXRlhdb3+0Y7HLxvnMTpZA==",
        "dependencies": {
          "Microsoft.NETCore.Platforms": "2.1.0",
          "Microsoft.Net.Native.Compiler": "2.2.7-rel-27913-00",
          "Microsoft.Net.UWPCoreRuntimeSdk": "2.2.9",
          "NETStandard.Library": "2.0.3",
          "runtime.win10-x86.Microsoft.NETCore.UniversalWindowsPlatform": "6.2.9"
        }
      },
      "Microsoft.ReactNative": {
        "type": "Direct",
        "requested": "[0.72.32, )",
        "resolved": "0.72.32",
        "contentHash": "m2EmuJw0e3PsIAh5mRjS3GrvI8/2WHqxvtRIyTSX4btFaX4JUfssperewBU3cRNix92snKE+RF0fbDQ4YrFmVw=="
      },
      "Microsoft.ReactNative.Managed": {
        "type": "Direct",
        "requested": "[0.72.32, )",
        "resolved": "0.72.32",
        "contentHash": "FJWdZS8XyRdii4/So9uz6Myu2cjamSvA09IJ/IdlQE+82Qo3ETVU73Ivqx5vBTOoU0xN3CExRKaTlTxBtGsghw==",
        "dependencies": {
          "Microsoft.NETCore.UniversalWindowsPlatform": "6.2.9",
          "Microsoft.ReactNative": "0.72.32",
          "Microsoft.ReactNative.Managed.CodeGen": "0.72.32",
          "Microsoft.UI.Xaml": "2.8.0"
        }
      },
      "Win2D.uwp": {
        "type": "Direct",
        "requested": "[1.26.0, )",
        "resolved": "1.26.0",
        "contentHash": "smA/NJWM3ruhWeKPHmCyW8PX8w1ckD9SN7qWEOePe/iuFKvLyC8govCHq/F40hQCRs8zBqHWaWBpekTnQuXx6w=="
      },
      "Microsoft.Web.WebView2": {
        "type": "Transitive",
        "resolved": "1.0.1264.42",
        "contentHash": "7OBUTkzQ5VI/3gb0ufi5U4zjuCowAJwQg2li0zXXzqkM+S1kmOlivTy1R4jAW+gY5Vyg510M+qMAESCQUjrfgA=="
      },
      "runtime.win10-x86.Microsoft.NETCore.UniversalWindowsPlatform": {
        "type": "Transitive",
        "resolved": "6.2.9",
        "contentHash": "BckZHjaqBTSEtvzj0aliq3DQvLOT7C4ei4L8pCgcD3k/MZpECBg8kUsixDanwYtRot+jNXxc6LF5J87cyigGfA=="
      }
    },
    "UAP,Version=v10.0.17763/win10-x86-aot": {
      "Microsoft.NETCore.UniversalWindowsPlatform": {
        "type": "Direct",
        "requested": "[6.2.9, )",
        "resolved": "6.2.9",
        "contentHash": "QcNHcEvhO0bMhF1LW7Ebn1f6wrzvbkloRsZSrAZsGbAAqdhmfuZcD3VVeVCL8VWsBXRlhdb3+0Y7HLxvnMTpZA==",
        "dependencies": {
          "Microsoft.NETCore.Platforms": "2.1.0",
          "Microsoft.Net.Native.Compiler": "2.2.7-rel-27913-00",
          "Microsoft.Net.UWPCoreRuntimeSdk": "2.2.9",
          "NETStandard.Library": "2.0.3",
          "runtime.win10-x86-aot.Microsoft.NETCore.UniversalWindowsPlatform": "6.2.9"
        }
      },
      "Microsoft.ReactNative": {
        "type": "Direct",
        "requested": "[0.72.32, )",
        "resolved": "0.72.32",
        "contentHash": "m2EmuJw0e3PsIAh5mRjS3GrvI8/2WHqxvtRIyTSX4btFaX4JUfssperewBU3cRNix92snKE+RF0fbDQ4YrFmVw=="
      },
      "Microsoft.ReactNative.Managed": {
        "type": "Direct",
        "requested": "[0.72.32, )",
        "resolved": "0.72.32",
        "contentHash": "FJWdZS8XyRdii4/So9uz6Myu2cjamSvA09IJ/IdlQE+82Qo3ETVU73Ivqx5vBTOoU0xN3CExRKaTlTxBtGsghw==",
        "dependencies": {
          "Microsoft.NETCore.UniversalWindowsPlatform": "6.2.9",
          "Microsoft.ReactNative": "0.72.32",
          "Microsoft.ReactNative.Managed.CodeGen": "0.72.32",
          "Microsoft.UI.Xaml": "2.8.0"
        }
      },
      "Win2D.uwp": {
        "type": "Direct",
        "requested": "[1.26.0, )",
        "resolved": "1.26.0",
        "contentHash": "smA/NJWM3ruhWeKPHmCyW8PX8w1ckD9SN7qWEOePe/iuFKvLyC8govCHq/F40hQCRs8zBqHWaWBpekTnQuXx6w=="
      },
      "Microsoft.Web.WebView2": {
        "type": "Transitive",
        "resolved": "1.0.1264.42",
        "contentHash": "7OBUTkzQ5VI/3gb0ufi5U4zjuCowAJwQg2li0zXXzqkM+S1kmOlivTy1R4jAW+gY5Vyg510M+qMAESCQUjrfgA=="
      },
      "runtime.win10-x86-aot.Microsoft.NETCore.UniversalWindowsPlatform": {
        "type": "Transitive",
        "resolved": "6.2.9",
        "contentHash": "/FxhZW8KuY7aiRcC1Opk5+48Meg1PYj36LcLVuX6Ty+n4HpMf7xxvNvp0EzSLzW/Ibzqt+iaRWqfOZqiTFZG5g=="
      }
    }
  }
}